// !$*UTF8*$!
{
	archiveVersion = 1;
	classes = {
	};
	objectVersion = 50;
	objects = {

/* Begin PBXBuildFile section */
		694C18C1243D224900B4C44C /* AppDelegate.swift in Sources */ = {isa = PBXBuildFile; fileRef = 694C18C0243D224900B4C44C /* AppDelegate.swift */; };
		694C18C3243D224900B4C44C /* SceneDelegate.swift in Sources */ = {isa = PBXBuildFile; fileRef = 694C18C2243D224900B4C44C /* SceneDelegate.swift */; };
		694C18C5243D224900B4C44C /* ViewController.swift in Sources */ = {isa = PBXBuildFile; fileRef = 694C18C4243D224900B4C44C /* ViewController.swift */; };
		694C18C8243D224900B4C44C /* Main.storyboard in Resources */ = {isa = PBXBuildFile; fileRef = 694C18C6243D224900B4C44C /* Main.storyboard */; };
		694C18CA243D224A00B4C44C /* Assets.xcassets in Resources */ = {isa = PBXBuildFile; fileRef = 694C18C9243D224A00B4C44C /* Assets.xcassets */; };
		694C18CD243D224A00B4C44C /* LaunchScreen.storyboard in Resources */ = {isa = PBXBuildFile; fileRef = 694C18CB243D224A00B4C44C /* LaunchScreen.storyboard */; };
		694C18F4243D24D500B4C44C /* OneKeyboardView.swift in Sources */ = {isa = PBXBuildFile; fileRef = 694C18F3243D24D500B4C44C /* OneKeyboardView.swift */; };
		694C18F6243D24F500B4C44C /* OneKeyboardView.xib in Resources */ = {isa = PBXBuildFile; fileRef = 694C18F5243D24F500B4C44C /* OneKeyboardView.xib */; };
		694C18F8243D258500B4C44C /* KeyboardButton.swift in Sources */ = {isa = PBXBuildFile; fileRef = 694C18F7243D258500B4C44C /* KeyboardButton.swift */; };
		694C18FB243D26E900B4C44C /* KeyboardColors.swift in Sources */ = {isa = PBXBuildFile; fileRef = 694C18FA243D26E900B4C44C /* KeyboardColors.swift */; };
		694C18FD243D270F00B4C44C /* KeyboardPage.swift in Sources */ = {isa = PBXBuildFile; fileRef = 694C18FC243D270F00B4C44C /* KeyboardPage.swift */; };
		694C18FF243D281800B4C44C /* OneKeyboardView+UI.swift in Sources */ = {isa = PBXBuildFile; fileRef = 694C18FE243D281800B4C44C /* OneKeyboardView+UI.swift */; };
		694C1907243D298300B4C44C /* KeyboardViewController.swift in Sources */ = {isa = PBXBuildFile; fileRef = 694C1906243D298300B4C44C /* KeyboardViewController.swift */; };
		694C190B243D298300B4C44C /* OneKeyboardExtension.appex in Embed App Extensions */ = {isa = PBXBuildFile; fileRef = 694C1904243D298300B4C44C /* OneKeyboardExtension.appex */; settings = {ATTRIBUTES = (RemoveHeadersOnCopy, ); }; };
		694C1910243D2C3A00B4C44C /* KeyboardColors.swift in Sources */ = {isa = PBXBuildFile; fileRef = 694C18FA243D26E900B4C44C /* KeyboardColors.swift */; };
		694C1911243D2C3A00B4C44C /* KeyboardPage.swift in Sources */ = {isa = PBXBuildFile; fileRef = 694C18FC243D270F00B4C44C /* KeyboardPage.swift */; };
		694C1912243D2C3A00B4C44C /* OneKeyboardView.xib in Resources */ = {isa = PBXBuildFile; fileRef = 694C18F5243D24F500B4C44C /* OneKeyboardView.xib */; };
		694C1913243D2C3A00B4C44C /* OneKeyboardView.swift in Sources */ = {isa = PBXBuildFile; fileRef = 694C18F3243D24D500B4C44C /* OneKeyboardView.swift */; };
		694C1914243D2C3A00B4C44C /* OneKeyboardView+UI.swift in Sources */ = {isa = PBXBuildFile; fileRef = 694C18FE243D281800B4C44C /* OneKeyboardView+UI.swift */; };
		694C1915243D2C3A00B4C44C /* KeyboardButton.swift in Sources */ = {isa = PBXBuildFile; fileRef = 694C18F7243D258500B4C44C /* KeyboardButton.swift */; };
/* End PBXBuildFile section */

/* Begin PBXContainerItemProxy section */
		694C18D4243D224A00B4C44C /* PBXContainerItemProxy */ = {
			isa = PBXContainerItemProxy;
			containerPortal = 694C18B5243D224900B4C44C /* Project object */;
			proxyType = 1;
			remoteGlobalIDString = 694C18BC243D224900B4C44C;
			remoteInfo = OneKeyDev;
		};
		694C18DF243D224A00B4C44C /* PBXContainerItemProxy */ = {
			isa = PBXContainerItemProxy;
			containerPortal = 694C18B5243D224900B4C44C /* Project object */;
			proxyType = 1;
			remoteGlobalIDString = 694C18BC243D224900B4C44C;
			remoteInfo = OneKeyDev;
		};
		694C1909243D298300B4C44C /* PBXContainerItemProxy */ = {
			isa = PBXContainerItemProxy;
			containerPortal = 694C18B5243D224900B4C44C /* Project object */;
			proxyType = 1;
			remoteGlobalIDString = 694C1903243D298300B4C44C;
			remoteInfo = OneKeyboardExtension;
		};
/* End PBXContainerItemProxy section */

/* Begin PBXCopyFilesBuildPhase section */
		694C190F243D298300B4C44C /* Embed App Extensions */ = {
			isa = PBXCopyFilesBuildPhase;
			buildActionMask = 2147483647;
			dstPath = "";
			dstSubfolderSpec = 13;
			files = (
				694C190B243D298300B4C44C /* OneKeyboardExtension.appex in Embed App Extensions */,
			);
			name = "Embed App Extensions";
			runOnlyForDeploymentPostprocessing = 0;
		};
/* End PBXCopyFilesBuildPhase section */

/* Begin PBXFileReference section */
		694C18BD243D224900B4C44C /* OneKeyDev.app */ = {isa = PBXFileReference; explicitFileType = wrapper.application; includeInIndex = 0; path = OneKeyDev.app; sourceTree = BUILT_PRODUCTS_DIR; };
		694C18C0243D224900B4C44C /* AppDelegate.swift */ = {isa = PBXFileReference; lastKnownFileType = sourcecode.swift; path = AppDelegate.swift; sourceTree = "<group>"; };
		694C18C2243D224900B4C44C /* SceneDelegate.swift */ = {isa = PBXFileReference; lastKnownFileType = sourcecode.swift; path = SceneDelegate.swift; sourceTree = "<group>"; };
		694C18C4243D224900B4C44C /* ViewController.swift */ = {isa = PBXFileReference; lastKnownFileType = sourcecode.swift; path = ViewController.swift; sourceTree = "<group>"; };
		694C18C7243D224900B4C44C /* Base */ = {isa = PBXFileReference; lastKnownFileType = file.storyboard; name = Base; path = Base.lproj/Main.storyboard; sourceTree = "<group>"; };
		694C18C9243D224A00B4C44C /* Assets.xcassets */ = {isa = PBXFileReference; lastKnownFileType = folder.assetcatalog; path = Assets.xcassets; sourceTree = "<group>"; };
		694C18CC243D224A00B4C44C /* Base */ = {isa = PBXFileReference; lastKnownFileType = file.storyboard; name = Base; path = Base.lproj/LaunchScreen.storyboard; sourceTree = "<group>"; };
		694C18CE243D224A00B4C44C /* Info.plist */ = {isa = PBXFileReference; lastKnownFileType = text.plist.xml; path = Info.plist; sourceTree = "<group>"; };
		694C18D3243D224A00B4C44C /* OneKeyDevTests.xctest */ = {isa = PBXFileReference; explicitFileType = wrapper.cfbundle; includeInIndex = 0; path = OneKeyDevTests.xctest; sourceTree = BUILT_PRODUCTS_DIR; };
		694C18DE243D224A00B4C44C /* OneKeyDevUITests.xctest */ = {isa = PBXFileReference; explicitFileType = wrapper.cfbundle; includeInIndex = 0; path = OneKeyDevUITests.xctest; sourceTree = BUILT_PRODUCTS_DIR; };
		694C18F3243D24D500B4C44C /* OneKeyboardView.swift */ = {isa = PBXFileReference; lastKnownFileType = sourcecode.swift; path = OneKeyboardView.swift; sourceTree = "<group>"; };
		694C18F5243D24F500B4C44C /* OneKeyboardView.xib */ = {isa = PBXFileReference; lastKnownFileType = file.xib; path = OneKeyboardView.xib; sourceTree = "<group>"; };
		694C18F7243D258500B4C44C /* KeyboardButton.swift */ = {isa = PBXFileReference; lastKnownFileType = sourcecode.swift; path = KeyboardButton.swift; sourceTree = "<group>"; };
		694C18FA243D26E900B4C44C /* KeyboardColors.swift */ = {isa = PBXFileReference; lastKnownFileType = sourcecode.swift; path = KeyboardColors.swift; sourceTree = "<group>"; };
		694C18FC243D270F00B4C44C /* KeyboardPage.swift */ = {isa = PBXFileReference; lastKnownFileType = sourcecode.swift; path = KeyboardPage.swift; sourceTree = "<group>"; };
		694C18FE243D281800B4C44C /* OneKeyboardView+UI.swift */ = {isa = PBXFileReference; lastKnownFileType = sourcecode.swift; path = "OneKeyboardView+UI.swift"; sourceTree = "<group>"; };
		694C1904243D298300B4C44C /* OneKeyboardExtension.appex */ = {isa = PBXFileReference; explicitFileType = "wrapper.app-extension"; includeInIndex = 0; path = OneKeyboardExtension.appex; sourceTree = BUILT_PRODUCTS_DIR; };
		694C1906243D298300B4C44C /* KeyboardViewController.swift */ = {isa = PBXFileReference; lastKnownFileType = sourcecode.swift; path = KeyboardViewController.swift; sourceTree = "<group>"; };
		694C1908243D298300B4C44C /* Info.plist */ = {isa = PBXFileReference; lastKnownFileType = text.plist.xml; path = Info.plist; sourceTree = "<group>"; };
/* End PBXFileReference section */

/* Begin PBXFrameworksBuildPhase section */
		694C18BA243D224900B4C44C /* Frameworks */ = {
			isa = PBXFrameworksBuildPhase;
			buildActionMask = 2147483647;
			files = (
			);
			runOnlyForDeploymentPostprocessing = 0;
		};
		694C18D0243D224A00B4C44C /* Frameworks */ = {
			isa = PBXFrameworksBuildPhase;
			buildActionMask = 2147483647;
			files = (
			);
			runOnlyForDeploymentPostprocessing = 0;
		};
		694C18DB243D224A00B4C44C /* Frameworks */ = {
			isa = PBXFrameworksBuildPhase;
			buildActionMask = 2147483647;
			files = (
			);
			runOnlyForDeploymentPostprocessing = 0;
		};
		694C1901243D298300B4C44C /* Frameworks */ = {
			isa = PBXFrameworksBuildPhase;
			buildActionMask = 2147483647;
			files = (
			);
			runOnlyForDeploymentPostprocessing = 0;
		};
/* End PBXFrameworksBuildPhase section */

/* Begin PBXGroup section */
		694C18B4243D224900B4C44C = {
			isa = PBXGroup;
			children = (
				694C18BF243D224900B4C44C /* OneKeyDev */,
				694C1905243D298300B4C44C /* OneKeyboardExtension */,
				694C18BE243D224900B4C44C /* Products */,
			);
			sourceTree = "<group>";
		};
		694C18BE243D224900B4C44C /* Products */ = {
			isa = PBXGroup;
			children = (
				694C18BD243D224900B4C44C /* OneKeyDev.app */,
				694C18D3243D224A00B4C44C /* OneKeyDevTests.xctest */,
				694C18DE243D224A00B4C44C /* OneKeyDevUITests.xctest */,
				694C1904243D298300B4C44C /* OneKeyboardExtension.appex */,
			);
			name = Products;
			sourceTree = "<group>";
		};
		694C18BF243D224900B4C44C /* OneKeyDev */ = {
			isa = PBXGroup;
			children = (
				694C18CE243D224A00B4C44C /* Info.plist */,
				694C18CB243D224A00B4C44C /* LaunchScreen.storyboard */,
				694C18C6243D224900B4C44C /* Main.storyboard */,
				694C18C9243D224A00B4C44C /* Assets.xcassets */,
				694C18F0243D228900B4C44C /* App Delegate */,
				694C18F1243D22A500B4C44C /* Controller */,
				694C18F9243D263D00B4C44C /* Data */,
				694C18F2243D24B800B4C44C /* View */,
			);
			path = OneKeyDev;
			sourceTree = "<group>";
		};
		694C18F0243D228900B4C44C /* App Delegate */ = {
			isa = PBXGroup;
			children = (
				694C18C0243D224900B4C44C /* AppDelegate.swift */,
				694C18C2243D224900B4C44C /* SceneDelegate.swift */,
			);
			path = "App Delegate";
			sourceTree = "<group>";
		};
		694C18F1243D22A500B4C44C /* Controller */ = {
			isa = PBXGroup;
			children = (
				694C18C4243D224900B4C44C /* ViewController.swift */,
			);
			path = Controller;
			sourceTree = "<group>";
		};
		694C18F2243D24B800B4C44C /* View */ = {
			isa = PBXGroup;
			children = (
				694C18F5243D24F500B4C44C /* OneKeyboardView.xib */,
				694C18F3243D24D500B4C44C /* OneKeyboardView.swift */,
				694C18FE243D281800B4C44C /* OneKeyboardView+UI.swift */,
				694C18F7243D258500B4C44C /* KeyboardButton.swift */,
			);
			path = View;
			sourceTree = "<group>";
		};
		694C18F9243D263D00B4C44C /* Data */ = {
			isa = PBXGroup;
			children = (
				694C18FA243D26E900B4C44C /* KeyboardColors.swift */,
				694C18FC243D270F00B4C44C /* KeyboardPage.swift */,
			);
			path = Data;
			sourceTree = "<group>";
		};
		694C1905243D298300B4C44C /* OneKeyboardExtension */ = {
			isa = PBXGroup;
			children = (
				694C1906243D298300B4C44C /* KeyboardViewController.swift */,
				694C1908243D298300B4C44C /* Info.plist */,
			);
			path = OneKeyboardExtension;
			sourceTree = "<group>";
		};
/* End PBXGroup section */

/* Begin PBXNativeTarget section */
		694C18BC243D224900B4C44C /* OneKeyDev */ = {
			isa = PBXNativeTarget;
			buildConfigurationList = 694C18E7243D224A00B4C44C /* Build configuration list for PBXNativeTarget "OneKeyDev" */;
			buildPhases = (
				694C18B9243D224900B4C44C /* Sources */,
				694C18BA243D224900B4C44C /* Frameworks */,
				694C18BB243D224900B4C44C /* Resources */,
				694C190F243D298300B4C44C /* Embed App Extensions */,
			);
			buildRules = (
			);
			dependencies = (
				694C190A243D298300B4C44C /* PBXTargetDependency */,
			);
			name = OneKeyDev;
			productName = OneKeyDev;
			productReference = 694C18BD243D224900B4C44C /* OneKeyDev.app */;
			productType = "com.apple.product-type.application";
		};
		694C18D2243D224A00B4C44C /* OneKeyDevTests */ = {
			isa = PBXNativeTarget;
			buildConfigurationList = 694C18EA243D224A00B4C44C /* Build configuration list for PBXNativeTarget "OneKeyDevTests" */;
			buildPhases = (
				694C18CF243D224A00B4C44C /* Sources */,
				694C18D0243D224A00B4C44C /* Frameworks */,
				694C18D1243D224A00B4C44C /* Resources */,
			);
			buildRules = (
			);
			dependencies = (
				694C18D5243D224A00B4C44C /* PBXTargetDependency */,
			);
			name = OneKeyDevTests;
			productName = OneKeyDevTests;
			productReference = 694C18D3243D224A00B4C44C /* OneKeyDevTests.xctest */;
			productType = "com.apple.product-type.bundle.unit-test";
		};
		694C18DD243D224A00B4C44C /* OneKeyDevUITests */ = {
			isa = PBXNativeTarget;
			buildConfigurationList = 694C18ED243D224A00B4C44C /* Build configuration list for PBXNativeTarget "OneKeyDevUITests" */;
			buildPhases = (
				694C18DA243D224A00B4C44C /* Sources */,
				694C18DB243D224A00B4C44C /* Frameworks */,
				694C18DC243D224A00B4C44C /* Resources */,
			);
			buildRules = (
			);
			dependencies = (
				694C18E0243D224A00B4C44C /* PBXTargetDependency */,
			);
			name = OneKeyDevUITests;
			productName = OneKeyDevUITests;
			productReference = 694C18DE243D224A00B4C44C /* OneKeyDevUITests.xctest */;
			productType = "com.apple.product-type.bundle.ui-testing";
		};
		694C1903243D298300B4C44C /* OneKeyboardExtension */ = {
			isa = PBXNativeTarget;
			buildConfigurationList = 694C190C243D298300B4C44C /* Build configuration list for PBXNativeTarget "OneKeyboardExtension" */;
			buildPhases = (
				694C1900243D298300B4C44C /* Sources */,
				694C1901243D298300B4C44C /* Frameworks */,
				694C1902243D298300B4C44C /* Resources */,
			);
			buildRules = (
			);
			dependencies = (
			);
			name = OneKeyboardExtension;
			productName = OneKeyboardExtension;
			productReference = 694C1904243D298300B4C44C /* OneKeyboardExtension.appex */;
			productType = "com.apple.product-type.app-extension";
		};
/* End PBXNativeTarget section */

/* Begin PBXProject section */
		694C18B5243D224900B4C44C /* Project object */ = {
			isa = PBXProject;
			attributes = {
				LastSwiftUpdateCheck = 1140;
				LastUpgradeCheck = 1140;
				TargetAttributes = {
					694C18BC243D224900B4C44C = {
						CreatedOnToolsVersion = 11.4;
					};
					694C18D2243D224A00B4C44C = {
						CreatedOnToolsVersion = 11.4;
						TestTargetID = 694C18BC243D224900B4C44C;
					};
					694C18DD243D224A00B4C44C = {
						CreatedOnToolsVersion = 11.4;
						TestTargetID = 694C18BC243D224900B4C44C;
					};
					694C1903243D298300B4C44C = {
						CreatedOnToolsVersion = 11.4;
					};
				};
			};
			buildConfigurationList = 694C18B8243D224900B4C44C /* Build configuration list for PBXProject "OneKeyDev" */;
			compatibilityVersion = "Xcode 9.3";
			developmentRegion = en;
			hasScannedForEncodings = 0;
			knownRegions = (
				en,
				Base,
			);
			mainGroup = 694C18B4243D224900B4C44C;
			productRefGroup = 694C18BE243D224900B4C44C /* Products */;
			projectDirPath = "";
			projectRoot = "";
			targets = (
				694C18BC243D224900B4C44C /* OneKeyDev */,
				694C18D2243D224A00B4C44C /* OneKeyDevTests */,
				694C18DD243D224A00B4C44C /* OneKeyDevUITests */,
				694C1903243D298300B4C44C /* OneKeyboardExtension */,
			);
		};
/* End PBXProject section */

/* Begin PBXResourcesBuildPhase section */
		694C18BB243D224900B4C44C /* Resources */ = {
			isa = PBXResourcesBuildPhase;
			buildActionMask = 2147483647;
			files = (
				694C18CD243D224A00B4C44C /* LaunchScreen.storyboard in Resources */,
				694C18CA243D224A00B4C44C /* Assets.xcassets in Resources */,
				694C18F6243D24F500B4C44C /* OneKeyboardView.xib in Resources */,
				694C18C8243D224900B4C44C /* Main.storyboard in Resources */,
			);
			runOnlyForDeploymentPostprocessing = 0;
		};
		694C18D1243D224A00B4C44C /* Resources */ = {
			isa = PBXResourcesBuildPhase;
			buildActionMask = 2147483647;
			files = (
			);
			runOnlyForDeploymentPostprocessing = 0;
		};
		694C18DC243D224A00B4C44C /* Resources */ = {
			isa = PBXResourcesBuildPhase;
			buildActionMask = 2147483647;
			files = (
			);
			runOnlyForDeploymentPostprocessing = 0;
		};
		694C1902243D298300B4C44C /* Resources */ = {
			isa = PBXResourcesBuildPhase;
			buildActionMask = 2147483647;
			files = (
				694C1912243D2C3A00B4C44C /* OneKeyboardView.xib in Resources */,
			);
			runOnlyForDeploymentPostprocessing = 0;
		};
/* End PBXResourcesBuildPhase section */

/* Begin PBXSourcesBuildPhase section */
		694C18B9243D224900B4C44C /* Sources */ = {
			isa = PBXSourcesBuildPhase;
			buildActionMask = 2147483647;
			files = (
				694C18FD243D270F00B4C44C /* KeyboardPage.swift in Sources */,
				694C18F8243D258500B4C44C /* KeyboardButton.swift in Sources */,
				694C18FF243D281800B4C44C /* OneKeyboardView+UI.swift in Sources */,
				694C18C5243D224900B4C44C /* ViewController.swift in Sources */,
				694C18FB243D26E900B4C44C /* KeyboardColors.swift in Sources */,
				694C18C1243D224900B4C44C /* AppDelegate.swift in Sources */,
				694C18F4243D24D500B4C44C /* OneKeyboardView.swift in Sources */,
				694C18C3243D224900B4C44C /* SceneDelegate.swift in Sources */,
			);
			runOnlyForDeploymentPostprocessing = 0;
		};
		694C18CF243D224A00B4C44C /* Sources */ = {
			isa = PBXSourcesBuildPhase;
			buildActionMask = 2147483647;
			files = (
			);
			runOnlyForDeploymentPostprocessing = 0;
		};
		694C18DA243D224A00B4C44C /* Sources */ = {
			isa = PBXSourcesBuildPhase;
			buildActionMask = 2147483647;
			files = (
			);
			runOnlyForDeploymentPostprocessing = 0;
		};
		694C1900243D298300B4C44C /* Sources */ = {
			isa = PBXSourcesBuildPhase;
			buildActionMask = 2147483647;
			files = (
				694C1915243D2C3A00B4C44C /* KeyboardButton.swift in Sources */,
				694C1914243D2C3A00B4C44C /* OneKeyboardView+UI.swift in Sources */,
				694C1911243D2C3A00B4C44C /* KeyboardPage.swift in Sources */,
				694C1910243D2C3A00B4C44C /* KeyboardColors.swift in Sources */,
				694C1913243D2C3A00B4C44C /* OneKeyboardView.swift in Sources */,
				694C1907243D298300B4C44C /* KeyboardViewController.swift in Sources */,
			);
			runOnlyForDeploymentPostprocessing = 0;
		};
/* End PBXSourcesBuildPhase section */

/* Begin PBXTargetDependency section */
		694C18D5243D224A00B4C44C /* PBXTargetDependency */ = {
			isa = PBXTargetDependency;
			target = 694C18BC243D224900B4C44C /* OneKeyDev */;
			targetProxy = 694C18D4243D224A00B4C44C /* PBXContainerItemProxy */;
		};
		694C18E0243D224A00B4C44C /* PBXTargetDependency */ = {
			isa = PBXTargetDependency;
			target = 694C18BC243D224900B4C44C /* OneKeyDev */;
			targetProxy = 694C18DF243D224A00B4C44C /* PBXContainerItemProxy */;
		};
		694C190A243D298300B4C44C /* PBXTargetDependency */ = {
			isa = PBXTargetDependency;
			target = 694C1903243D298300B4C44C /* OneKeyboardExtension */;
			targetProxy = 694C1909243D298300B4C44C /* PBXContainerItemProxy */;
		};
/* End PBXTargetDependency section */

/* Begin PBXVariantGroup section */
		694C18C6243D224900B4C44C /* Main.storyboard */ = {
			isa = PBXVariantGroup;
			children = (
				694C18C7243D224900B4C44C /* Base */,
			);
			name = Main.storyboard;
			sourceTree = "<group>";
		};
		694C18CB243D224A00B4C44C /* LaunchScreen.storyboard */ = {
			isa = PBXVariantGroup;
			children = (
				694C18CC243D224A00B4C44C /* Base */,
			);
			name = LaunchScreen.storyboard;
			sourceTree = "<group>";
		};
/* End PBXVariantGroup section */

/* Begin XCBuildConfiguration section */
		694C18E5243D224A00B4C44C /* Debug */ = {
			isa = XCBuildConfiguration;
			buildSettings = {
				ALWAYS_SEARCH_USER_PATHS = NO;
				CLANG_ANALYZER_NONNULL = YES;
				CLANG_ANALYZER_NUMBER_OBJECT_CONVERSION = YES_AGGRESSIVE;
				CLANG_CXX_LANGUAGE_STANDARD = "gnu++14";
				CLANG_CXX_LIBRARY = "libc++";
				CLANG_ENABLE_MODULES = YES;
				CLANG_ENABLE_OBJC_ARC = YES;
				CLANG_ENABLE_OBJC_WEAK = YES;
				CLANG_WARN_BLOCK_CAPTURE_AUTORELEASING = YES;
				CLANG_WARN_BOOL_CONVERSION = YES;
				CLANG_WARN_COMMA = YES;
				CLANG_WARN_CONSTANT_CONVERSION = YES;
				CLANG_WARN_DEPRECATED_OBJC_IMPLEMENTATIONS = YES;
				CLANG_WARN_DIRECT_OBJC_ISA_USAGE = YES_ERROR;
				CLANG_WARN_DOCUMENTATION_COMMENTS = YES;
				CLANG_WARN_EMPTY_BODY = YES;
				CLANG_WARN_ENUM_CONVERSION = YES;
				CLANG_WARN_INFINITE_RECURSION = YES;
				CLANG_WARN_INT_CONVERSION = YES;
				CLANG_WARN_NON_LITERAL_NULL_CONVERSION = YES;
				CLANG_WARN_OBJC_IMPLICIT_RETAIN_SELF = YES;
				CLANG_WARN_OBJC_LITERAL_CONVERSION = YES;
				CLANG_WARN_OBJC_ROOT_CLASS = YES_ERROR;
				CLANG_WARN_RANGE_LOOP_ANALYSIS = YES;
				CLANG_WARN_STRICT_PROTOTYPES = YES;
				CLANG_WARN_SUSPICIOUS_MOVE = YES;
				CLANG_WARN_UNGUARDED_AVAILABILITY = YES_AGGRESSIVE;
				CLANG_WARN_UNREACHABLE_CODE = YES;
				CLANG_WARN__DUPLICATE_METHOD_MATCH = YES;
				COPY_PHASE_STRIP = NO;
				DEBUG_INFORMATION_FORMAT = dwarf;
				ENABLE_STRICT_OBJC_MSGSEND = YES;
				ENABLE_TESTABILITY = YES;
				GCC_C_LANGUAGE_STANDARD = gnu11;
				GCC_DYNAMIC_NO_PIC = NO;
				GCC_NO_COMMON_BLOCKS = YES;
				GCC_OPTIMIZATION_LEVEL = 0;
				GCC_PREPROCESSOR_DEFINITIONS = (
					"DEBUG=1",
					"$(inherited)",
				);
				GCC_WARN_64_TO_32_BIT_CONVERSION = YES;
				GCC_WARN_ABOUT_RETURN_TYPE = YES_ERROR;
				GCC_WARN_UNDECLARED_SELECTOR = YES;
				GCC_WARN_UNINITIALIZED_AUTOS = YES_AGGRESSIVE;
				GCC_WARN_UNUSED_FUNCTION = YES;
				GCC_WARN_UNUSED_VARIABLE = YES;
				IPHONEOS_DEPLOYMENT_TARGET = 13.4;
				MTL_ENABLE_DEBUG_INFO = INCLUDE_SOURCE;
				MTL_FAST_MATH = YES;
				ONLY_ACTIVE_ARCH = YES;
				SDKROOT = iphoneos;
				SWIFT_ACTIVE_COMPILATION_CONDITIONS = DEBUG;
				SWIFT_OPTIMIZATION_LEVEL = "-Onone";
			};
			name = Debug;
		};
		694C18E6243D224A00B4C44C /* Release */ = {
			isa = XCBuildConfiguration;
			buildSettings = {
				ALWAYS_SEARCH_USER_PATHS = NO;
				CLANG_ANALYZER_NONNULL = YES;
				CLANG_ANALYZER_NUMBER_OBJECT_CONVERSION = YES_AGGRESSIVE;
				CLANG_CXX_LANGUAGE_STANDARD = "gnu++14";
				CLANG_CXX_LIBRARY = "libc++";
				CLANG_ENABLE_MODULES = YES;
				CLANG_ENABLE_OBJC_ARC = YES;
				CLANG_ENABLE_OBJC_WEAK = YES;
				CLANG_WARN_BLOCK_CAPTURE_AUTORELEASING = YES;
				CLANG_WARN_BOOL_CONVERSION = YES;
				CLANG_WARN_COMMA = YES;
				CLANG_WARN_CONSTANT_CONVERSION = YES;
				CLANG_WARN_DEPRECATED_OBJC_IMPLEMENTATIONS = YES;
				CLANG_WARN_DIRECT_OBJC_ISA_USAGE = YES_ERROR;
				CLANG_WARN_DOCUMENTATION_COMMENTS = YES;
				CLANG_WARN_EMPTY_BODY = YES;
				CLANG_WARN_ENUM_CONVERSION = YES;
				CLANG_WARN_INFINITE_RECURSION = YES;
				CLANG_WARN_INT_CONVERSION = YES;
				CLANG_WARN_NON_LITERAL_NULL_CONVERSION = YES;
				CLANG_WARN_OBJC_IMPLICIT_RETAIN_SELF = YES;
				CLANG_WARN_OBJC_LITERAL_CONVERSION = YES;
				CLANG_WARN_OBJC_ROOT_CLASS = YES_ERROR;
				CLANG_WARN_RANGE_LOOP_ANALYSIS = YES;
				CLANG_WARN_STRICT_PROTOTYPES = YES;
				CLANG_WARN_SUSPICIOUS_MOVE = YES;
				CLANG_WARN_UNGUARDED_AVAILABILITY = YES_AGGRESSIVE;
				CLANG_WARN_UNREACHABLE_CODE = YES;
				CLANG_WARN__DUPLICATE_METHOD_MATCH = YES;
				COPY_PHASE_STRIP = NO;
				DEBUG_INFORMATION_FORMAT = "dwarf-with-dsym";
				ENABLE_NS_ASSERTIONS = NO;
				ENABLE_STRICT_OBJC_MSGSEND = YES;
				GCC_C_LANGUAGE_STANDARD = gnu11;
				GCC_NO_COMMON_BLOCKS = YES;
				GCC_WARN_64_TO_32_BIT_CONVERSION = YES;
				GCC_WARN_ABOUT_RETURN_TYPE = YES_ERROR;
				GCC_WARN_UNDECLARED_SELECTOR = YES;
				GCC_WARN_UNINITIALIZED_AUTOS = YES_AGGRESSIVE;
				GCC_WARN_UNUSED_FUNCTION = YES;
				GCC_WARN_UNUSED_VARIABLE = YES;
				IPHONEOS_DEPLOYMENT_TARGET = 13.4;
				MTL_ENABLE_DEBUG_INFO = NO;
				MTL_FAST_MATH = YES;
				SDKROOT = iphoneos;
				SWIFT_COMPILATION_MODE = wholemodule;
				SWIFT_OPTIMIZATION_LEVEL = "-O";
				VALIDATE_PRODUCT = YES;
			};
			name = Release;
		};
		694C18E8243D224A00B4C44C /* Debug */ = {
			isa = XCBuildConfiguration;
			buildSettings = {
				ALWAYS_EMBED_SWIFT_STANDARD_LIBRARIES = YES;
				ASSETCATALOG_COMPILER_APPICON_NAME = AppIcon;
				CODE_SIGN_STYLE = Automatic;
				DEVELOPMENT_TEAM = QY2N553H47;
				INFOPLIST_FILE = OneKeyDev/Info.plist;
				LD_RUNPATH_SEARCH_PATHS = (
					"$(inherited)",
					"@executable_path/Frameworks",
				);
				PRODUCT_BUNDLE_IDENTIFIER = com.app.OneKeyDev;
				PRODUCT_NAME = "$(TARGET_NAME)";
				SWIFT_VERSION = 5.0;
				TARGETED_DEVICE_FAMILY = "1,2";
			};
			name = Debug;
		};
		694C18E9243D224A00B4C44C /* Release */ = {
			isa = XCBuildConfiguration;
			buildSettings = {
				ALWAYS_EMBED_SWIFT_STANDARD_LIBRARIES = YES;
				ASSETCATALOG_COMPILER_APPICON_NAME = AppIcon;
				CODE_SIGN_STYLE = Automatic;
				DEVELOPMENT_TEAM = QY2N553H47;
				INFOPLIST_FILE = OneKeyDev/Info.plist;
				LD_RUNPATH_SEARCH_PATHS = (
					"$(inherited)",
					"@executable_path/Frameworks",
				);
				PRODUCT_BUNDLE_IDENTIFIER = com.app.OneKeyDev;
				PRODUCT_NAME = "$(TARGET_NAME)";
				SWIFT_VERSION = 5.0;
				TARGETED_DEVICE_FAMILY = "1,2";
			};
			name = Release;
		};
		694C18EB243D224A00B4C44C /* Debug */ = {
			isa = XCBuildConfiguration;
			buildSettings = {
				ALWAYS_EMBED_SWIFT_STANDARD_LIBRARIES = YES;
				BUNDLE_LOADER = "$(TEST_HOST)";
				CODE_SIGN_STYLE = Automatic;
				DEVELOPMENT_TEAM = QY2N553H47;
				INFOPLIST_FILE = OneKeyDevTests/Info.plist;
				IPHONEOS_DEPLOYMENT_TARGET = 13.4;
				LD_RUNPATH_SEARCH_PATHS = (
					"$(inherited)",
					"@executable_path/Frameworks",
					"@loader_path/Frameworks",
				);
				PRODUCT_BUNDLE_IDENTIFIER = com.app.OneKeyDevTests;
				PRODUCT_NAME = "$(TARGET_NAME)";
				SWIFT_VERSION = 5.0;
				TARGETED_DEVICE_FAMILY = "1,2";
				TEST_HOST = "$(BUILT_PRODUCTS_DIR)/OneKeyDev.app/OneKeyDev";
			};
			name = Debug;
		};
		694C18EC243D224A00B4C44C /* Release */ = {
			isa = XCBuildConfiguration;
			buildSettings = {
				ALWAYS_EMBED_SWIFT_STANDARD_LIBRARIES = YES;
				BUNDLE_LOADER = "$(TEST_HOST)";
				CODE_SIGN_STYLE = Automatic;
				DEVELOPMENT_TEAM = QY2N553H47;
				INFOPLIST_FILE = OneKeyDevTests/Info.plist;
				IPHONEOS_DEPLOYMENT_TARGET = 13.4;
				LD_RUNPATH_SEARCH_PATHS = (
					"$(inherited)",
					"@executable_path/Frameworks",
					"@loader_path/Frameworks",
				);
				PRODUCT_BUNDLE_IDENTIFIER = com.app.OneKeyDevTests;
				PRODUCT_NAME = "$(TARGET_NAME)";
				SWIFT_VERSION = 5.0;
				TARGETED_DEVICE_FAMILY = "1,2";
				TEST_HOST = "$(BUILT_PRODUCTS_DIR)/OneKeyDev.app/OneKeyDev";
			};
			name = Release;
		};
		694C18EE243D224A00B4C44C /* Debug */ = {
			isa = XCBuildConfiguration;
			buildSettings = {
				ALWAYS_EMBED_SWIFT_STANDARD_LIBRARIES = YES;
				CODE_SIGN_STYLE = Automatic;
				DEVELOPMENT_TEAM = QY2N553H47;
				INFOPLIST_FILE = OneKeyDevUITests/Info.plist;
				LD_RUNPATH_SEARCH_PATHS = (
					"$(inherited)",
					"@executable_path/Frameworks",
					"@loader_path/Frameworks",
				);
				PRODUCT_BUNDLE_IDENTIFIER = com.app.OneKeyDevUITests;
				PRODUCT_NAME = "$(TARGET_NAME)";
				SWIFT_VERSION = 5.0;
				TARGETED_DEVICE_FAMILY = "1,2";
				TEST_TARGET_NAME = OneKeyDev;
			};
			name = Debug;
		};
		694C18EF243D224A00B4C44C /* Release */ = {
			isa = XCBuildConfiguration;
			buildSettings = {
				ALWAYS_EMBED_SWIFT_STANDARD_LIBRARIES = YES;
				CODE_SIGN_STYLE = Automatic;
				DEVELOPMENT_TEAM = QY2N553H47;
				INFOPLIST_FILE = OneKeyDevUITests/Info.plist;
				LD_RUNPATH_SEARCH_PATHS = (
					"$(inherited)",
					"@executable_path/Frameworks",
					"@loader_path/Frameworks",
				);
				PRODUCT_BUNDLE_IDENTIFIER = com.app.OneKeyDevUITests;
				PRODUCT_NAME = "$(TARGET_NAME)";
				SWIFT_VERSION = 5.0;
				TARGETED_DEVICE_FAMILY = "1,2";
				TEST_TARGET_NAME = OneKeyDev;
			};
			name = Release;
		};
		694C190D243D298300B4C44C /* Debug */ = {
			isa = XCBuildConfiguration;
			buildSettings = {
				CODE_SIGN_STYLE = Automatic;
				DEVELOPMENT_TEAM = QY2N553H47;
				INFOPLIST_FILE = OneKeyboardExtension/Info.plist;
				LD_RUNPATH_SEARCH_PATHS = (
					"$(inherited)",
					"@executable_path/Frameworks",
					"@executable_path/../../Frameworks",
				);
				PRODUCT_BUNDLE_IDENTIFIER = com.app.OneKeyDev.OneKeyboardExtension;
				PRODUCT_NAME = "$(TARGET_NAME)";
				SKIP_INSTALL = YES;
				SWIFT_VERSION = 5.0;
				TARGETED_DEVICE_FAMILY = "1,2";
			};
			name = Debug;
		};
		694C190E243D298300B4C44C /* Release */ = {
			isa = XCBuildConfiguration;
			buildSettings = {
				CODE_SIGN_STYLE = Automatic;
				DEVELOPMENT_TEAM = QY2N553H47;
				INFOPLIST_FILE = OneKeyboardExtension/Info.plist;
				LD_RUNPATH_SEARCH_PATHS = (
					"$(inherited)",
					"@executable_path/Frameworks",
					"@executable_path/../../Frameworks",
				);
				PRODUCT_BUNDLE_IDENTIFIER = com.app.OneKeyDev.OneKeyboardExtension;
				PRODUCT_NAME = "$(TARGET_NAME)";
				SKIP_INSTALL = YES;
				SWIFT_VERSION = 5.0;
				TARGETED_DEVICE_FAMILY = "1,2";
			};
			name = Release;
		};
/* End XCBuildConfiguration section */

/* Begin XCConfigurationList section */
		694C18B8243D224900B4C44C /* Build configuration list for PBXProject "OneKeyDev" */ = {
			isa = XCConfigurationList;
			buildConfigurations = (
				694C18E5243D224A00B4C44C /* Debug */,
				694C18E6243D224A00B4C44C /* Release */,
			);
			defaultConfigurationIsVisible = 0;
			defaultConfigurationName = Release;
		};
		694C18E7243D224A00B4C44C /* Build configuration list for PBXNativeTarget "OneKeyDev" */ = {
			isa = XCConfigurationList;
			buildConfigurations = (
				694C18E8243D224A00B4C44C /* Debug */,
				694C18E9243D224A00B4C44C /* Release */,
			);
			defaultConfigurationIsVisible = 0;
			defaultConfigurationName = Release;
		};
		694C18EA243D224A00B4C44C /* Build configuration list for PBXNativeTarget "OneKeyDevTests" */ = {
			isa = XCConfigurationList;
			buildConfigurations = (
				694C18EB243D224A00B4C44C /* Debug */,
				694C18EC243D224A00B4C44C /* Release */,
			);
			defaultConfigurationIsVisible = 0;
			defaultConfigurationName = Release;
		};
		694C18ED243D224A00B4C44C /* Build configuration list for PBXNativeTarget "OneKeyDevUITests" */ = {
			isa = XCConfigurationList;
			buildConfigurations = (
				694C18EE243D224A00B4C44C /* Debug */,
				694C18EF243D224A00B4C44C /* Release */,
			);
			defaultConfigurationIsVisible = 0;
			defaultConfigurationName = Release;
		};
		694C190C243D298300B4C44C /* Build configuration list for PBXNativeTarget "OneKeyboardExtension" */ = {
			isa = XCConfigurationList;
			buildConfigurations = (
				694C190D243D298300B4C44C /* Debug */,
				694C190E243D298300B4C44C /* Release */,
			);
			defaultConfigurationIsVisible = 0;
			defaultConfigurationName = Release;
		};
/* End XCConfigurationList section */
	};
	rootObject = 694C18B5243D224900B4C44C /* Project object */;
}
